
Microsoft Visual Studio Solution File, Format Version 12.00
# Visual Studio Version 16
VisualStudioVersion = 16.0.29318.209
MinimumVisualStudioVersion = 10.0.40219.1
Project("{9A19103F-16F7-4668-BE54-9A1E7A4F7556}") = "Accelist.SecurePasswordValidator", "Accelist.SecurePasswordValidator\Accelist.SecurePasswordValidator.csproj", "{8CD6AF91-6040-4EA0-8A45-63FEFF764BA6}"
EndProject
Project("{FAE04EC0-301F-11D3-BF4B-00C04F79EFBC}") = "Accelist.SecurePasswordValidator.Tests", "Accelist.SecurePasswordValidator.Tests\Accelist.SecurePasswordValidator.Tests.csproj", "{5D1117B3-D121-4508-9EDA-3EB6000DEB90}"
EndProject
Project("{FAE04EC0-301F-11D3-BF4B-00C04F79EFBC}") = "Accelist.SecurePasswordValidator.PasswordDistiller", "Accelist.SecurePasswordValidator.PasswordDistiller\Accelist.SecurePasswordValidator.PasswordDistiller.csproj", "{493718F4-57D0-4166-B56A-70AF5586E9D5}"
EndProject
Global
	GlobalSection(SolutionConfigurationPlatforms) = preSolution
		Debug|Any CPU = Debug|Any CPU
		Release|Any CPU = Release|Any CPU
	EndGlobalSection
	GlobalSection(ProjectConfigurationPlatforms) = postSolution
		{8CD6AF91-6040-4EA0-8A45-63FEFF764BA6}.Debug|Any CPU.ActiveCfg = Debug|Any CPU
		{8CD6AF91-6040-4EA0-8A45-63FEFF764BA6}.Debug|Any CPU.Build.0 = Debug|Any CPU
		{8CD6AF91-6040-4EA0-8A45-63FEFF764BA6}.Release|Any CPU.ActiveCfg = Release|Any CPU
		{8CD6AF91-6040-4EA0-8A45-63FEFF764BA6}.Release|Any CPU.Build.0 = Release|Any CPU
		{5D1117B3-D121-4508-9EDA-3EB6000DEB90}.Debug|Any CPU.ActiveCfg = Debug|Any CPU
		{5D1117B3-D121-4508-9EDA-3EB6000DEB90}.Debug|Any CPU.Build.0 = Debug|Any CPU
		{5D1117B3-D121-4508-9EDA-3EB6000DEB90}.Release|Any CPU.ActiveCfg = Release|Any CPU
		{5D1117B3-D121-4508-9EDA-3EB6000DEB90}.Release|Any CPU.Build.0 = Release|Any CPU
		{493718F4-57D0-4166-B56A-70AF5586E9D5}.Debug|Any CPU.ActiveCfg = Debug|Any CPU
		{493718F4-57D0-4166-B56A-70AF5586E9D5}.Debug|Any CPU.Build.0 = Debug|Any CPU
		{493718F4-57D0-4166-B56A-70AF5586E9D5}.Release|Any CPU.ActiveCfg = Release|Any CPU
		{493718F4-57D0-4166-B56A-70AF5586E9D5}.Release|Any CPU.Build.0 = Release|Any CPU
	EndGlobalSection
	GlobalSection(SolutionProperties) = preSolution
		HideSolutionNode = FALSE
	EndGlobalSection
	GlobalSection(ExtensibilityGlobals) = postSolution
		SolutionGuid = {DE11987C-1A8A-4E27-A387-CF581C0A8F4C}
	EndGlobalSection
EndGlobal
